
Microsoft Visual Studio Solution File, Format Version 12.00
# Visual Studio Version 17
VisualStudioVersion = 17.6.33815.320
MinimumVisualStudioVersion = 10.0.40219.1
Project("{FAE04EC0-301F-11D3-BF4B-00C04F79EFBC}") = "ConAppQuickSortExample", "ConAppQuickSortExample\ConAppQuickSortExample.csproj", "{9D8D6A48-D385-4AFF-90F4-75DE240B11DE}"
EndProject
Global
	GlobalSection(SolutionConfigurationPlatforms) = preSolution
		Debug|Any CPU = Debug|Any CPU
		Release|Any CPU = Release|Any CPU
	EndGlobalSection
	GlobalSection(ProjectConfigurationPlatforms) = postSolution
		{9D8D6A48-D385-4AFF-90F4-75DE240B11DE}.Debug|Any CPU.ActiveCfg = Debug|Any CPU
		{9D8D6A48-D385-4AFF-90F4-75DE240B11DE}.Debug|Any CPU.Build.0 = Debug|Any CPU
		{9D8D6A48-D385-4AFF-90F4-75DE240B11DE}.Release|Any CPU.ActiveCfg = Release|Any CPU
		{9D8D6A48-D385-4AFF-90F4-75DE240B11DE}.Release|Any CPU.Build.0 = Release|Any CPU
	EndGlobalSection
	GlobalSection(SolutionProperties) = preSolution
		HideSolutionNode = FALSE
	EndGlobalSection
	GlobalSection(ExtensibilityGlobals) = postSolution
		SolutionGuid = {8C557A32-4C40-4E6A-B9E6-8ADF8995284F}
	EndGlobalSection
EndGlobal
